
Microsoft Visual Studio Solution File, Format Version 12.00
# Visual Studio Version 17
VisualStudioVersion = 17.2.32602.215
MinimumVisualStudioVersion = 10.0.40219.1
Project("{FAE04EC0-301F-11D3-BF4B-00C04F79EFBC}") = "DBPROJECT", "DBPROJECT\DBPROJECT.csproj", "{2564B982-7BA1-480B-98EF-1E3265FB8F4B}"
EndProject
Global
	GlobalSection(SolutionConfigurationPlatforms) = preSolution
		Debug|Any CPU = Debug|Any CPU
		Release|Any CPU = Release|Any CPU
	EndGlobalSection
	GlobalSection(ProjectConfigurationPlatforms) = postSolution
		{2564B982-7BA1-480B-98EF-1E3265FB8F4B}.Debug|Any CPU.ActiveCfg = Debug|Any CPU
		{2564B982-7BA1-480B-98EF-1E3265FB8F4B}.Debug|Any CPU.Build.0 = Debug|Any CPU
		{2564B982-7BA1-480B-98EF-1E3265FB8F4B}.Release|Any CPU.ActiveCfg = Release|Any CPU
		{2564B982-7BA1-480B-98EF-1E3265FB8F4B}.Release|Any CPU.Build.0 = Release|Any CPU
	EndGlobalSection
	GlobalSection(SolutionProperties) = preSolution
		HideSolutionNode = FALSE
	EndGlobalSection
	GlobalSection(ExtensibilityGlobals) = postSolution
		SolutionGuid = {231D8B43-30F5-4DC6-B010-057819EC9166}
	EndGlobalSection
EndGlobal
